
Microsoft Visual Studio Solution File, Format Version 12.00
# Visual Studio Version 17
VisualStudioVersion = 17.7.34031.279
MinimumVisualStudioVersion = 10.0.40219.1
Project("{8BC9CEB8-8B4A-11D0-8D11-00A0C91BC942}") = "chirp", "chirp\chirp.vcxproj", "{D902509C-C781-4A25-BFF9-80DAAB5321C2}"
EndProject
Project("{C7167F0D-BC9F-4E6E-AFE1-012C56B48DB5}") = "chirp_msix", "chirp_msix\chirp_msix.wapproj", "{1AB42098-5E14-4FFA-AEB3-F339333751D8}"
EndProject
Global
	GlobalSection(SolutionConfigurationPlatforms) = preSolution
		Debug|Any CPU = Debug|Any CPU
		Debug|ARM = Debug|ARM
		Debug|ARM64 = Debug|ARM64
		Debug|x64 = Debug|x64
		Debug|x86 = Debug|x86
		Release|Any CPU = Release|Any CPU
		Release|ARM = Release|ARM
		Release|ARM64 = Release|ARM64
		Release|x64 = Release|x64
		Release|x86 = Release|x86
	EndGlobalSection
	GlobalSection(ProjectConfigurationPlatforms) = postSolution
		{D902509C-C781-4A25-BFF9-80DAAB5321C2}.Debug|Any CPU.ActiveCfg = Debug|x64
		{D902509C-C781-4A25-BFF9-80DAAB5321C2}.Debug|Any CPU.Build.0 = Debug|x64
		{D902509C-C781-4A25-BFF9-80DAAB5321C2}.Debug|ARM.ActiveCfg = Debug|x64
		{D902509C-C781-4A25-BFF9-80DAAB5321C2}.Debug|ARM.Build.0 = Debug|x64
		{D902509C-C781-4A25-BFF9-80DAAB5321C2}.Debug|ARM64.ActiveCfg = Debug|x64
		{D902509C-C781-4A25-BFF9-80DAAB5321C2}.Debug|ARM64.Build.0 = Debug|x64
		{D902509C-C781-4A25-BFF9-80DAAB5321C2}.Debug|x64.ActiveCfg = Debug|x64
		{D902509C-C781-4A25-BFF9-80DAAB5321C2}.Debug|x64.Build.0 = Debug|x64
		{D902509C-C781-4A25-BFF9-80DAAB5321C2}.Debug|x86.ActiveCfg = Debug|Win32
		{D902509C-C781-4A25-BFF9-80DAAB5321C2}.Debug|x86.Build.0 = Debug|Win32
		{D902509C-C781-4A25-BFF9-80DAAB5321C2}.Release|Any CPU.ActiveCfg = Release|x64
		{D902509C-C781-4A25-BFF9-80DAAB5321C2}.Release|Any CPU.Build.0 = Release|x64
		{D902509C-C781-4A25-BFF9-80DAAB5321C2}.Release|ARM.ActiveCfg = Release|x64
		{D902509C-C781-4A25-BFF9-80DAAB5321C2}.Release|ARM.Build.0 = Release|x64
		{D902509C-C781-4A25-BFF9-80DAAB5321C2}.Release|ARM64.ActiveCfg = Release|x64
		{D902509C-C781-4A25-BFF9-80DAAB5321C2}.Release|ARM64.Build.0 = Release|x64
		{D902509C-C781-4A25-BFF9-80DAAB5321C2}.Release|x64.ActiveCfg = Release|x64
		{D902509C-C781-4A25-BFF9-80DAAB5321C2}.Release|x64.Build.0 = Release|x64
		{D902509C-C781-4A25-BFF9-80DAAB5321C2}.Release|x86.ActiveCfg = Release|Win32
		{D902509C-C781-4A25-BFF9-80DAAB5321C2}.Release|x86.Build.0 = Release|Win32
		{1AB42098-5E14-4FFA-AEB3-F339333751D8}.Debug|Any CPU.ActiveCfg = Debug|Any CPU
		{1AB42098-5E14-4FFA-AEB3-F339333751D8}.Debug|Any CPU.Build.0 = Debug|Any CPU
		{1AB42098-5E14-4FFA-AEB3-F339333751D8}.Debug|Any CPU.Deploy.0 = Debug|Any CPU
		{1AB42098-5E14-4FFA-AEB3-F339333751D8}.Debug|ARM.ActiveCfg = Debug|ARM
		{1AB42098-5E14-4FFA-AEB3-F339333751D8}.Debug|ARM.Build.0 = Debug|ARM
		{1AB42098-5E14-4FFA-AEB3-F339333751D8}.Debug|ARM.Deploy.0 = Debug|ARM
		{1AB42098-5E14-4FFA-AEB3-F339333751D8}.Debug|ARM64.ActiveCfg = Debug|ARM64
		{1AB42098-5E14-4FFA-AEB3-F339333751D8}.Debug|ARM64.Build.0 = Debug|ARM64
		{1AB42098-5E14-4FFA-AEB3-F339333751D8}.Debug|ARM64.Deploy.0 = Debug|ARM64
		{1AB42098-5E14-4FFA-AEB3-F339333751D8}.Debug|x64.ActiveCfg = Debug|x64
		{1AB42098-5E14-4FFA-AEB3-F339333751D8}.Debug|x64.Build.0 = Debug|x64
		{1AB42098-5E14-4FFA-AEB3-F339333751D8}.Debug|x64.Deploy.0 = Debug|x64
		{1AB42098-5E14-4FFA-AEB3-F339333751D8}.Debug|x86.ActiveCfg = Debug|x86
		{1AB42098-5E14-4FFA-AEB3-F339333751D8}.Debug|x86.Build.0 = Debug|x86
		{1AB42098-5E14-4FFA-AEB3-F339333751D8}.Debug|x86.Deploy.0 = Debug|x86
		{1AB42098-5E14-4FFA-AEB3-F339333751D8}.Release|Any CPU.ActiveCfg = Release|Any CPU
		{1AB42098-5E14-4FFA-AEB3-F339333751D8}.Release|Any CPU.Build.0 = Release|Any CPU
		{1AB42098-5E14-4FFA-AEB3-F339333751D8}.Release|Any CPU.Deploy.0 = Release|Any CPU
		{1AB42098-5E14-4FFA-AEB3-F339333751D8}.Release|ARM.ActiveCfg = Release|ARM
		{1AB42098-5E14-4FFA-AEB3-F339333751D8}.Release|ARM.Build.0 = Release|ARM
		{1AB42098-5E14-4FFA-AEB3-F339333751D8}.Release|ARM.Deploy.0 = Release|ARM
		{1AB42098-5E14-4FFA-AEB3-F339333751D8}.Release|ARM64.ActiveCfg = Release|ARM64
		{1AB42098-5E14-4FFA-AEB3-F339333751D8}.Release|ARM64.Build.0 = Release|ARM64
		{1AB42098-5E14-4FFA-AEB3-F339333751D8}.Release|ARM64.Deploy.0 = Release|ARM64
		{1AB42098-5E14-4FFA-AEB3-F339333751D8}.Release|x64.ActiveCfg = Release|x64
		{1AB42098-5E14-4FFA-AEB3-F339333751D8}.Release|x64.Build.0 = Release|x64
		{1AB42098-5E14-4FFA-AEB3-F339333751D8}.Release|x64.Deploy.0 = Release|x64
		{1AB42098-5E14-4FFA-AEB3-F339333751D8}.Release|x86.ActiveCfg = Release|x86
		{1AB42098-5E14-4FFA-AEB3-F339333751D8}.Release|x86.Build.0 = Release|x86
		{1AB42098-5E14-4FFA-AEB3-F339333751D8}.Release|x86.Deploy.0 = Release|x86
	EndGlobalSection
	GlobalSection(SolutionProperties) = preSolution
		HideSolutionNode = FALSE
	EndGlobalSection
	GlobalSection(ExtensibilityGlobals) = postSolution
		SolutionGuid = {1A700B33-839C-4B31-AA7D-953B42FE1D55}
	EndGlobalSection
EndGlobal
